{
  "name": "rnExamples",
  "version": "0.0.1",
  "lockfileVersion": 1,
  "requires": true,
  "dependencies": {
    "react-native-loading-spinner-overlay": {
      "version": "0.5.2",
      "resolved": "https://registry.npmjs.org/react-native-loading-spinner-overlay/-/react-native-loading-spinner-overlay-0.5.2.tgz",
      "integrity": "sha512-wIi8PMvD/KnzEgZN865Cm0VhyIba4Zrfwbyi9OPlBYi1+qQDq4MZtDCmKgH8ct7iXE7biTrcBzUxFAAPk9CvCw=="
    }
  }
}
